
Microsoft Visual Studio Solution File, Format Version 12.00
# Visual Studio 15
VisualStudioVersion = 15.0.27705.2000
MinimumVisualStudioVersion = 10.0.40219.1
Project("{FAE04EC0-301F-11D3-BF4B-00C04F79EFBC}") = "Serilog.Sanitizer", "Serilog.Sanitizer\Serilog.Sanitizer.csproj", "{A2474CAA-B348-4B09-9515-8FB9A932881E}"
EndProject
Project("{FAE04EC0-301F-11D3-BF4B-00C04F79EFBC}") = "Serilog.Sanitizer.UnitTests", "Serilog.Sanitizer.UnitTests\Serilog.Sanitizer.UnitTests.csproj", "{7D49BEF3-965D-48B0-890C-9A40D661E3FB}"
EndProject
Global
	GlobalSection(SolutionConfigurationPlatforms) = preSolution
		Debug|Any CPU = Debug|Any CPU
		Release|Any CPU = Release|Any CPU
	EndGlobalSection
	GlobalSection(ProjectConfigurationPlatforms) = postSolution
		{A2474CAA-B348-4B09-9515-8FB9A932881E}.Debug|Any CPU.ActiveCfg = Debug|Any CPU
		{A2474CAA-B348-4B09-9515-8FB9A932881E}.Debug|Any CPU.Build.0 = Debug|Any CPU
		{A2474CAA-B348-4B09-9515-8FB9A932881E}.Release|Any CPU.ActiveCfg = Release|Any CPU
		{A2474CAA-B348-4B09-9515-8FB9A932881E}.Release|Any CPU.Build.0 = Release|Any CPU
		{7D49BEF3-965D-48B0-890C-9A40D661E3FB}.Debug|Any CPU.ActiveCfg = Debug|Any CPU
		{7D49BEF3-965D-48B0-890C-9A40D661E3FB}.Debug|Any CPU.Build.0 = Debug|Any CPU
		{7D49BEF3-965D-48B0-890C-9A40D661E3FB}.Release|Any CPU.ActiveCfg = Release|Any CPU
		{7D49BEF3-965D-48B0-890C-9A40D661E3FB}.Release|Any CPU.Build.0 = Release|Any CPU
	EndGlobalSection
	GlobalSection(SolutionProperties) = preSolution
		HideSolutionNode = FALSE
	EndGlobalSection
	GlobalSection(ExtensibilityGlobals) = postSolution
		SolutionGuid = {A99B0F0A-FFAF-459C-B166-A3342C7D13CA}
	EndGlobalSection
EndGlobal
